// !$*UTF8*$!
{
	archiveVersion = 1;
	classes = {
	};
	objectVersion = 50;
	objects = {

/* Begin PBXBuildFile section */
		A4662905241F530800A4E5CB /* AppDelegate.m in Sources */ = {isa = PBXBuildFile; fileRef = A4662904241F530800A4E5CB /* AppDelegate.m */; };
		A4662908241F530800A4E5CB /* SceneDelegate.m in Sources */ = {isa = PBXBuildFile; fileRef = A4662907241F530800A4E5CB /* SceneDelegate.m */; };
		A466290B241F530800A4E5CB /* ViewController.m in Sources */ = {isa = PBXBuildFile; fileRef = A466290A241F530800A4E5CB /* ViewController.m */; };
		A466290E241F530800A4E5CB /* Main.storyboard in Resources */ = {isa = PBXBuildFile; fileRef = A466290C241F530800A4E5CB /* Main.storyboard */; };
		A4662910241F530C00A4E5CB /* Assets.xcassets in Resources */ = {isa = PBXBuildFile; fileRef = A466290F241F530C00A4E5CB /* Assets.xcassets */; };
		A4662913241F530C00A4E5CB /* LaunchScreen.storyboard in Resources */ = {isa = PBXBuildFile; fileRef = A4662911241F530C00A4E5CB /* LaunchScreen.storyboard */; };
		A4662916241F530C00A4E5CB /* main.m in Sources */ = {isa = PBXBuildFile; fileRef = A4662915241F530C00A4E5CB /* main.m */; };
		A4662920241F530D00A4E5CB /* lxappTests.m in Sources */ = {isa = PBXBuildFile; fileRef = A466291F241F530D00A4E5CB /* lxappTests.m */; };
		A466292B241F530D00A4E5CB /* lxappUITests.m in Sources */ = {isa = PBXBuildFile; fileRef = A466292A241F530D00A4E5CB /* lxappUITests.m */; };
		ADBFCD69E805B4714BBB89C8 /* Pods_lxapp.framework in Frameworks */ = {isa = PBXBuildFile; fileRef = 8232DF6850C6D34CCF4EDA5D /* Pods_lxapp.framework */; };
/* End PBXBuildFile section */

/* Begin PBXContainerItemProxy section */
		A466291C241F530D00A4E5CB /* PBXContainerItemProxy */ = {
			isa = PBXContainerItemProxy;
			containerPortal = A46628F8241F530800A4E5CB /* Project object */;
			proxyType = 1;
			remoteGlobalIDString = A46628FF241F530800A4E5CB;
			remoteInfo = lxapp;
		};
		A4662927241F530D00A4E5CB /* PBXContainerItemProxy */ = {
			isa = PBXContainerItemProxy;
			containerPortal = A46628F8241F530800A4E5CB /* Project object */;
			proxyType = 1;
			remoteGlobalIDString = A46628FF241F530800A4E5CB;
			remoteInfo = lxapp;
		};
/* End PBXContainerItemProxy section */

/* Begin PBXFileReference section */
		8232DF6850C6D34CCF4EDA5D /* Pods_lxapp.framework */ = {isa = PBXFileReference; explicitFileType = wrapper.framework; includeInIndex = 0; path = Pods_lxapp.framework; sourceTree = BUILT_PRODUCTS_DIR; };
		9A6DBBEF7CBB1C4CDB6C8B2C /* Pods-lxapp.debug.xcconfig */ = {isa = PBXFileReference; includeInIndex = 1; lastKnownFileType = text.xcconfig; name = "Pods-lxapp.debug.xcconfig"; path = "Target Support Files/Pods-lxapp/Pods-lxapp.debug.xcconfig"; sourceTree = "<group>"; };
		A4662900241F530800A4E5CB /* lxapp.app */ = {isa = PBXFileReference; explicitFileType = wrapper.application; includeInIndex = 0; path = lxapp.app; sourceTree = BUILT_PRODUCTS_DIR; };
		A4662903241F530800A4E5CB /* AppDelegate.h */ = {isa = PBXFileReference; lastKnownFileType = sourcecode.c.h; path = AppDelegate.h; sourceTree = "<group>"; };
		A4662904241F530800A4E5CB /* AppDelegate.m */ = {isa = PBXFileReference; lastKnownFileType = sourcecode.c.objc; path = AppDelegate.m; sourceTree = "<group>"; };
		A4662906241F530800A4E5CB /* SceneDelegate.h */ = {isa = PBXFileReference; lastKnownFileType = sourcecode.c.h; path = SceneDelegate.h; sourceTree = "<group>"; };
		A4662907241F530800A4E5CB /* SceneDelegate.m */ = {isa = PBXFileReference; lastKnownFileType = sourcecode.c.objc; path = SceneDelegate.m; sourceTree = "<group>"; };
		A4662909241F530800A4E5CB /* ViewController.h */ = {isa = PBXFileReference; lastKnownFileType = sourcecode.c.h; path = ViewController.h; sourceTree = "<group>"; };
		A466290A241F530800A4E5CB /* ViewController.m */ = {isa = PBXFileReference; lastKnownFileType = sourcecode.c.objc; path = ViewController.m; sourceTree = "<group>"; };
		A466290D241F530800A4E5CB /* Base */ = {isa = PBXFileReference; lastKnownFileType = file.storyboard; name = Base; path = Base.lproj/Main.storyboard; sourceTree = "<group>"; };
		A466290F241F530C00A4E5CB /* Assets.xcassets */ = {isa = PBXFileReference; lastKnownFileType = folder.assetcatalog; path = Assets.xcassets; sourceTree = "<group>"; };
		A4662912241F530C00A4E5CB /* Base */ = {isa = PBXFileReference; lastKnownFileType = file.storyboard; name = Base; path = Base.lproj/LaunchScreen.storyboard; sourceTree = "<group>"; };
		A4662914241F530C00A4E5CB /* Info.plist */ = {isa = PBXFileReference; lastKnownFileType = text.plist.xml; path = Info.plist; sourceTree = "<group>"; };
		A4662915241F530C00A4E5CB /* main.m */ = {isa = PBXFileReference; lastKnownFileType = sourcecode.c.objc; path = main.m; sourceTree = "<group>"; };
		A466291B241F530D00A4E5CB /* lxappTests.xctest */ = {isa = PBXFileReference; explicitFileType = wrapper.cfbundle; includeInIndex = 0; path = lxappTests.xctest; sourceTree = BUILT_PRODUCTS_DIR; };
		A466291F241F530D00A4E5CB /* lxappTests.m */ = {isa = PBXFileReference; lastKnownFileType = sourcecode.c.objc; path = lxappTests.m; sourceTree = "<group>"; };
		A4662921241F530D00A4E5CB /* Info.plist */ = {isa = PBXFileReference; lastKnownFileType = text.plist.xml; path = Info.plist; sourceTree = "<group>"; };
		A4662926241F530D00A4E5CB /* lxappUITests.xctest */ = {isa = PBXFileReference; explicitFileType = wrapper.cfbundle; includeInIndex = 0; path = lxappUITests.xctest; sourceTree = BUILT_PRODUCTS_DIR; };
		A466292A241F530D00A4E5CB /* lxappUITests.m */ = {isa = PBXFileReference; lastKnownFileType = sourcecode.c.objc; path = lxappUITests.m; sourceTree = "<group>"; };
		A466292C241F530D00A4E5CB /* Info.plist */ = {isa = PBXFileReference; lastKnownFileType = text.plist.xml; path = Info.plist; sourceTree = "<group>"; };
		F0A3B83704AAC359AB7C75DD /* Pods-lxapp.release.xcconfig */ = {isa = PBXFileReference; includeInIndex = 1; lastKnownFileType = text.xcconfig; name = "Pods-lxapp.release.xcconfig"; path = "Target Support Files/Pods-lxapp/Pods-lxapp.release.xcconfig"; sourceTree = "<group>"; };
/* End PBXFileReference section */

/* Begin PBXFrameworksBuildPhase section */
		A46628FD241F530800A4E5CB /* Frameworks */ = {
			isa = PBXFrameworksBuildPhase;
			buildActionMask = 2147483647;
			files = (
				ADBFCD69E805B4714BBB89C8 /* Pods_lxapp.framework in Frameworks */,
			);
			runOnlyForDeploymentPostprocessing = 0;
		};
		A4662918241F530D00A4E5CB /* Frameworks */ = {
			isa = PBXFrameworksBuildPhase;
			buildActionMask = 2147483647;
			files = (
			);
			runOnlyForDeploymentPostprocessing = 0;
		};
		A4662923241F530D00A4E5CB /* Frameworks */ = {
			isa = PBXFrameworksBuildPhase;
			buildActionMask = 2147483647;
			files = (
			);
			runOnlyForDeploymentPostprocessing = 0;
		};
/* End PBXFrameworksBuildPhase section */

/* Begin PBXGroup section */
		09634B09D45465823EAB5A0C /* Frameworks */ = {
			isa = PBXGroup;
			children = (
				8232DF6850C6D34CCF4EDA5D /* Pods_lxapp.framework */,
			);
			name = Frameworks;
			sourceTree = "<group>";
		};
		116A4144AABB7DA59AD830C9 /* Pods */ = {
			isa = PBXGroup;
			children = (
				9A6DBBEF7CBB1C4CDB6C8B2C /* Pods-lxapp.debug.xcconfig */,
				F0A3B83704AAC359AB7C75DD /* Pods-lxapp.release.xcconfig */,
			);
			name = Pods;
			path = Pods;
			sourceTree = "<group>";
		};
		A46628F7241F530800A4E5CB = {
			isa = PBXGroup;
			children = (
				A4662902241F530800A4E5CB /* lxapp */,
				A466291E241F530D00A4E5CB /* lxappTests */,
				A4662929241F530D00A4E5CB /* lxappUITests */,
				A4662901241F530800A4E5CB /* Products */,
				116A4144AABB7DA59AD830C9 /* Pods */,
				09634B09D45465823EAB5A0C /* Frameworks */,
			);
			sourceTree = "<group>";
		};
		A4662901241F530800A4E5CB /* Products */ = {
			isa = PBXGroup;
			children = (
				A4662900241F530800A4E5CB /* lxapp.app */,
				A466291B241F530D00A4E5CB /* lxappTests.xctest */,
				A4662926241F530D00A4E5CB /* lxappUITests.xctest */,
			);
			name = Products;
			sourceTree = "<group>";
		};
		A4662902241F530800A4E5CB /* lxapp */ = {
			isa = PBXGroup;
			children = (
				A4662903241F530800A4E5CB /* AppDelegate.h */,
				A4662904241F530800A4E5CB /* AppDelegate.m */,
				A4662906241F530800A4E5CB /* SceneDelegate.h */,
				A4662907241F530800A4E5CB /* SceneDelegate.m */,
				A4662909241F530800A4E5CB /* ViewController.h */,
				A466290A241F530800A4E5CB /* ViewController.m */,
				A466290C241F530800A4E5CB /* Main.storyboard */,
				A466290F241F530C00A4E5CB /* Assets.xcassets */,
				A4662911241F530C00A4E5CB /* LaunchScreen.storyboard */,
				A4662914241F530C00A4E5CB /* Info.plist */,
				A4662915241F530C00A4E5CB /* main.m */,
			);
			path = lxapp;
			sourceTree = "<group>";
		};
		A466291E241F530D00A4E5CB /* lxappTests */ = {
			isa = PBXGroup;
			children = (
				A466291F241F530D00A4E5CB /* lxappTests.m */,
				A4662921241F530D00A4E5CB /* Info.plist */,
			);
			path = lxappTests;
			sourceTree = "<group>";
		};
		A4662929241F530D00A4E5CB /* lxappUITests */ = {
			isa = PBXGroup;
			children = (
				A466292A241F530D00A4E5CB /* lxappUITests.m */,
				A466292C241F530D00A4E5CB /* Info.plist */,
			);
			path = lxappUITests;
			sourceTree = "<group>";
		};
/* End PBXGroup section */

/* Begin PBXNativeTarget section */
		A46628FF241F530800A4E5CB /* lxapp */ = {
			isa = PBXNativeTarget;
			buildConfigurationList = A466292F241F530D00A4E5CB /* Build configuration list for PBXNativeTarget "lxapp" */;
			buildPhases = (
				4E38ADC562920B4BA8C4CD36 /* [CP] Check Pods Manifest.lock */,
				A46628FC241F530800A4E5CB /* Sources */,
				A46628FD241F530800A4E5CB /* Frameworks */,
				A46628FE241F530800A4E5CB /* Resources */,
				11138FD62D6E1E51B778BDF8 /* [CP] Embed Pods Frameworks */,
			);
			buildRules = (
			);
			dependencies = (
			);
			name = lxapp;
			productName = lxapp;
			productReference = A4662900241F530800A4E5CB /* lxapp.app */;
			productType = "com.apple.product-type.application";
		};
		A466291A241F530D00A4E5CB /* lxappTests */ = {
			isa = PBXNativeTarget;
			buildConfigurationList = A4662932241F530D00A4E5CB /* Build configuration list for PBXNativeTarget "lxappTests" */;
			buildPhases = (
				A4662917241F530D00A4E5CB /* Sources */,
				A4662918241F530D00A4E5CB /* Frameworks */,
				A4662919241F530D00A4E5CB /* Resources */,
			);
			buildRules = (
			);
			dependencies = (
				A466291D241F530D00A4E5CB /* PBXTargetDependency */,
			);
			name = lxappTests;
			productName = lxappTests;
			productReference = A466291B241F530D00A4E5CB /* lxappTests.xctest */;
			productType = "com.apple.product-type.bundle.unit-test";
		};
		A4662925241F530D00A4E5CB /* lxappUITests */ = {
			isa = PBXNativeTarget;
			buildConfigurationList = A4662935241F530D00A4E5CB /* Build configuration list for PBXNativeTarget "lxappUITests" */;
			buildPhases = (
				A4662922241F530D00A4E5CB /* Sources */,
				A4662923241F530D00A4E5CB /* Frameworks */,
				A4662924241F530D00A4E5CB /* Resources */,
			);
			buildRules = (
			);
			dependencies = (
				A4662928241F530D00A4E5CB /* PBXTargetDependency */,
			);
			name = lxappUITests;
			productName = lxappUITests;
			productReference = A4662926241F530D00A4E5CB /* lxappUITests.xctest */;
			productType = "com.apple.product-type.bundle.ui-testing";
		};
/* End PBXNativeTarget section */

/* Begin PBXProject section */
		A46628F8241F530800A4E5CB /* Project object */ = {
			isa = PBXProject;
			attributes = {
				LastUpgradeCheck = 1130;
				ORGANIZATIONNAME = "苏朗轩";
				TargetAttributes = {
					A46628FF241F530800A4E5CB = {
						CreatedOnToolsVersion = 11.3.1;
					};
					A466291A241F530D00A4E5CB = {
						CreatedOnToolsVersion = 11.3.1;
						TestTargetID = A46628FF241F530800A4E5CB;
					};
					A4662925241F530D00A4E5CB = {
						CreatedOnToolsVersion = 11.3.1;
						TestTargetID = A46628FF241F530800A4E5CB;
					};
				};
			};
			buildConfigurationList = A46628FB241F530800A4E5CB /* Build configuration list for PBXProject "lxapp" */;
			compatibilityVersion = "Xcode 9.3";
			developmentRegion = en;
			hasScannedForEncodings = 0;
			knownRegions = (
				en,
				Base,
			);
			mainGroup = A46628F7241F530800A4E5CB;
			productRefGroup = A4662901241F530800A4E5CB /* Products */;
			projectDirPath = "";
			projectRoot = "";
			targets = (
				A46628FF241F530800A4E5CB /* lxapp */,
				A466291A241F530D00A4E5CB /* lxappTests */,
				A4662925241F530D00A4E5CB /* lxappUITests */,
			);
		};
/* End PBXProject section */

/* Begin PBXResourcesBuildPhase section */
		A46628FE241F530800A4E5CB /* Resources */ = {
			isa = PBXResourcesBuildPhase;
			buildActionMask = 2147483647;
			files = (
				A4662913241F530C00A4E5CB /* LaunchScreen.storyboard in Resources */,
				A4662910241F530C00A4E5CB /* Assets.xcassets in Resources */,
				A466290E241F530800A4E5CB /* Main.storyboard in Resources */,
			);
			runOnlyForDeploymentPostprocessing = 0;
		};
		A4662919241F530D00A4E5CB /* Resources */ = {
			isa = PBXResourcesBuildPhase;
			buildActionMask = 2147483647;
			files = (
			);
			runOnlyForDeploymentPostprocessing = 0;
		};
		A4662924241F530D00A4E5CB /* Resources */ = {
			isa = PBXResourcesBuildPhase;
			buildActionMask = 2147483647;
			files = (
			);
			runOnlyForDeploymentPostprocessing = 0;
		};
/* End PBXResourcesBuildPhase section */

/* Begin PBXShellScriptBuildPhase section */
		11138FD62D6E1E51B778BDF8 /* [CP] Embed Pods Frameworks */ = {
			isa = PBXShellScriptBuildPhase;
			buildActionMask = 2147483647;
			files = (
			);
			inputFileListPaths = (
				"${PODS_ROOT}/Target Support Files/Pods-lxapp/Pods-lxapp-frameworks-${CONFIGURATION}-input-files.xcfilelist",
			);
			name = "[CP] Embed Pods Frameworks";
			outputFileListPaths = (
				"${PODS_ROOT}/Target Support Files/Pods-lxapp/Pods-lxapp-frameworks-${CONFIGURATION}-output-files.xcfilelist",
			);
			runOnlyForDeploymentPostprocessing = 0;
			shellPath = /bin/sh;
			shellScript = "\"${PODS_ROOT}/Target Support Files/Pods-lxapp/Pods-lxapp-frameworks.sh\"\n";
			showEnvVarsInLog = 0;
		};
		4E38ADC562920B4BA8C4CD36 /* [CP] Check Pods Manifest.lock */ = {
			isa = PBXShellScriptBuildPhase;
			buildActionMask = 2147483647;
			files = (
			);
			inputFileListPaths = (
			);
			inputPaths = (
				"${PODS_PODFILE_DIR_PATH}/Podfile.lock",
				"${PODS_ROOT}/Manifest.lock",
			);
			name = "[CP] Check Pods Manifest.lock";
			outputFileListPaths = (
			);
			outputPaths = (
				"$(DERIVED_FILE_DIR)/Pods-lxapp-checkManifestLockResult.txt",
			);
			runOnlyForDeploymentPostprocessing = 0;
			shellPath = /bin/sh;
			shellScript = "diff \"${PODS_PODFILE_DIR_PATH}/Podfile.lock\" \"${PODS_ROOT}/Manifest.lock\" > /dev/null\nif [ $? != 0 ] ; then\n    # print error to STDERR\n    echo \"error: The sandbox is not in sync with the Podfile.lock. Run 'pod install' or update your CocoaPods installation.\" >&2\n    exit 1\nfi\n# This output is used by Xcode 'outputs' to avoid re-running this script phase.\necho \"SUCCESS\" > \"${SCRIPT_OUTPUT_FILE_0}\"\n";
			showEnvVarsInLog = 0;
		};
/* End PBXShellScriptBuildPhase section */

/* Begin PBXSourcesBuildPhase section */
		A46628FC241F530800A4E5CB /* Sources */ = {
			isa = PBXSourcesBuildPhase;
			buildActionMask = 2147483647;
			files = (
				A466290B241F530800A4E5CB /* ViewController.m in Sources */,
				A4662905241F530800A4E5CB /* AppDelegate.m in Sources */,
				A4662916241F530C00A4E5CB /* main.m in Sources */,
				A4662908241F530800A4E5CB /* SceneDelegate.m in Sources */,
			);
			runOnlyForDeploymentPostprocessing = 0;
		};
		A4662917241F530D00A4E5CB /* Sources */ = {
			isa = PBXSourcesBuildPhase;
			buildActionMask = 2147483647;
			files = (
				A4662920241F530D00A4E5CB /* lxappTests.m in Sources */,
			);
			runOnlyForDeploymentPostprocessing = 0;
		};
		A4662922241F530D00A4E5CB /* Sources */ = {
			isa = PBXSourcesBuildPhase;
			buildActionMask = 2147483647;
			files = (
				A466292B241F530D00A4E5CB /* lxappUITests.m in Sources */,
			);
			runOnlyForDeploymentPostprocessing = 0;
		};
/* End PBXSourcesBuildPhase section */

/* Begin PBXTargetDependency section */
		A466291D241F530D00A4E5CB /* PBXTargetDependency */ = {
			isa = PBXTargetDependency;
			target = A46628FF241F530800A4E5CB /* lxapp */;
			targetProxy = A466291C241F530D00A4E5CB /* PBXContainerItemProxy */;
		};
		A4662928241F530D00A4E5CB /* PBXTargetDependency */ = {
			isa = PBXTargetDependency;
			target = A46628FF241F530800A4E5CB /* lxapp */;
			targetProxy = A4662927241F530D00A4E5CB /* PBXContainerItemProxy */;
		};
/* End PBXTargetDependency section */

/* Begin PBXVariantGroup section */
		A466290C241F530800A4E5CB /* Main.storyboard */ = {
			isa = PBXVariantGroup;
			children = (
				A466290D241F530800A4E5CB /* Base */,
			);
			name = Main.storyboard;
			sourceTree = "<group>";
		};
		A4662911241F530C00A4E5CB /* LaunchScreen.storyboard */ = {
			isa = PBXVariantGroup;
			children = (
				A4662912241F530C00A4E5CB /* Base */,
			);
			name = LaunchScreen.storyboard;
			sourceTree = "<group>";
		};
/* End PBXVariantGroup section */

/* Begin XCBuildConfiguration section */
		A466292D241F530D00A4E5CB /* Debug */ = {
			isa = XCBuildConfiguration;
			buildSettings = {
				ALWAYS_SEARCH_USER_PATHS = NO;
				CLANG_ANALYZER_NONNULL = YES;
				CLANG_ANALYZER_NUMBER_OBJECT_CONVERSION = YES_AGGRESSIVE;
				CLANG_CXX_LANGUAGE_STANDARD = "gnu++14";
				CLANG_CXX_LIBRARY = "libc++";
				CLANG_ENABLE_MODULES = YES;
				CLANG_ENABLE_OBJC_ARC = YES;
				CLANG_ENABLE_OBJC_WEAK = YES;
				CLANG_WARN_BLOCK_CAPTURE_AUTORELEASING = YES;
				CLANG_WARN_BOOL_CONVERSION = YES;
				CLANG_WARN_COMMA = YES;
				CLANG_WARN_CONSTANT_CONVERSION = YES;
				CLANG_WARN_DEPRECATED_OBJC_IMPLEMENTATIONS = YES;
				CLANG_WARN_DIRECT_OBJC_ISA_USAGE = YES_ERROR;
				CLANG_WARN_DOCUMENTATION_COMMENTS = YES;
				CLANG_WARN_EMPTY_BODY = YES;
				CLANG_WARN_ENUM_CONVERSION = YES;
				CLANG_WARN_INFINITE_RECURSION = YES;
				CLANG_WARN_INT_CONVERSION = YES;
				CLANG_WARN_NON_LITERAL_NULL_CONVERSION = YES;
				CLANG_WARN_OBJC_IMPLICIT_RETAIN_SELF = YES;
				CLANG_WARN_OBJC_LITERAL_CONVERSION = YES;
				CLANG_WARN_OBJC_ROOT_CLASS = YES_ERROR;
				CLANG_WARN_RANGE_LOOP_ANALYSIS = YES;
				CLANG_WARN_STRICT_PROTOTYPES = YES;
				CLANG_WARN_SUSPICIOUS_MOVE = YES;
				CLANG_WARN_UNGUARDED_AVAILABILITY = YES_AGGRESSIVE;
				CLANG_WARN_UNREACHABLE_CODE = YES;
				CLANG_WARN__DUPLICATE_METHOD_MATCH = YES;
				COPY_PHASE_STRIP = NO;
				DEBUG_INFORMATION_FORMAT = dwarf;
				ENABLE_STRICT_OBJC_MSGSEND = YES;
				ENABLE_TESTABILITY = YES;
				GCC_C_LANGUAGE_STANDARD = gnu11;
				GCC_DYNAMIC_NO_PIC = NO;
				GCC_NO_COMMON_BLOCKS = YES;
				GCC_OPTIMIZATION_LEVEL = 0;
				GCC_PREPROCESSOR_DEFINITIONS = (
					"DEBUG=1",
					"$(inherited)",
				);
				GCC_WARN_64_TO_32_BIT_CONVERSION = YES;
				GCC_WARN_ABOUT_RETURN_TYPE = YES_ERROR;
				GCC_WARN_UNDECLARED_SELECTOR = YES;
				GCC_WARN_UNINITIALIZED_AUTOS = YES_AGGRESSIVE;
				GCC_WARN_UNUSED_FUNCTION = YES;
				GCC_WARN_UNUSED_VARIABLE = YES;
				IPHONEOS_DEPLOYMENT_TARGET = 13.2;
				MTL_ENABLE_DEBUG_INFO = INCLUDE_SOURCE;
				MTL_FAST_MATH = YES;
				ONLY_ACTIVE_ARCH = YES;
				SDKROOT = iphoneos;
			};
			name = Debug;
		};
		A466292E241F530D00A4E5CB /* Release */ = {
			isa = XCBuildConfiguration;
			buildSettings = {
				ALWAYS_SEARCH_USER_PATHS = NO;
				CLANG_ANALYZER_NONNULL = YES;
				CLANG_ANALYZER_NUMBER_OBJECT_CONVERSION = YES_AGGRESSIVE;
				CLANG_CXX_LANGUAGE_STANDARD = "gnu++14";
				CLANG_CXX_LIBRARY = "libc++";
				CLANG_ENABLE_MODULES = YES;
				CLANG_ENABLE_OBJC_ARC = YES;
				CLANG_ENABLE_OBJC_WEAK = YES;
				CLANG_WARN_BLOCK_CAPTURE_AUTORELEASING = YES;
				CLANG_WARN_BOOL_CONVERSION = YES;
				CLANG_WARN_COMMA = YES;
				CLANG_WARN_CONSTANT_CONVERSION = YES;
				CLANG_WARN_DEPRECATED_OBJC_IMPLEMENTATIONS = YES;
				CLANG_WARN_DIRECT_OBJC_ISA_USAGE = YES_ERROR;
				CLANG_WARN_DOCUMENTATION_COMMENTS = YES;
				CLANG_WARN_EMPTY_BODY = YES;
				CLANG_WARN_ENUM_CONVERSION = YES;
				CLANG_WARN_INFINITE_RECURSION = YES;
				CLANG_WARN_INT_CONVERSION = YES;
				CLANG_WARN_NON_LITERAL_NULL_CONVERSION = YES;
				CLANG_WARN_OBJC_IMPLICIT_RETAIN_SELF = YES;
				CLANG_WARN_OBJC_LITERAL_CONVERSION = YES;
				CLANG_WARN_OBJC_ROOT_CLASS = YES_ERROR;
				CLANG_WARN_RANGE_LOOP_ANALYSIS = YES;
				CLANG_WARN_STRICT_PROTOTYPES = YES;
				CLANG_WARN_SUSPICIOUS_MOVE = YES;
				CLANG_WARN_UNGUARDED_AVAILABILITY = YES_AGGRESSIVE;
				CLANG_WARN_UNREACHABLE_CODE = YES;
				CLANG_WARN__DUPLICATE_METHOD_MATCH = YES;
				COPY_PHASE_STRIP = NO;
				DEBUG_INFORMATION_FORMAT = "dwarf-with-dsym";
				ENABLE_NS_ASSERTIONS = NO;
				ENABLE_STRICT_OBJC_MSGSEND = YES;
				GCC_C_LANGUAGE_STANDARD = gnu11;
				GCC_NO_COMMON_BLOCKS = YES;
				GCC_WARN_64_TO_32_BIT_CONVERSION = YES;
				GCC_WARN_ABOUT_RETURN_TYPE = YES_ERROR;
				GCC_WARN_UNDECLARED_SELECTOR = YES;
				GCC_WARN_UNINITIALIZED_AUTOS = YES_AGGRESSIVE;
				GCC_WARN_UNUSED_FUNCTION = YES;
				GCC_WARN_UNUSED_VARIABLE = YES;
				IPHONEOS_DEPLOYMENT_TARGET = 13.2;
				MTL_ENABLE_DEBUG_INFO = NO;
				MTL_FAST_MATH = YES;
				SDKROOT = iphoneos;
				VALIDATE_PRODUCT = YES;
			};
			name = Release;
		};
		A4662930241F530D00A4E5CB /* Debug */ = {
			isa = XCBuildConfiguration;
			baseConfigurationReference = 9A6DBBEF7CBB1C4CDB6C8B2C /* Pods-lxapp.debug.xcconfig */;
			buildSettings = {
				ASSETCATALOG_COMPILER_APPICON_NAME = AppIcon;
				CODE_SIGN_STYLE = Automatic;
				INFOPLIST_FILE = lxapp/Info.plist;
				LD_RUNPATH_SEARCH_PATHS = (
					"$(inherited)",
					"@executable_path/Frameworks",
				);
				PRODUCT_BUNDLE_IDENTIFIER = lx.lxapp;
				PRODUCT_NAME = "$(TARGET_NAME)";
				TARGETED_DEVICE_FAMILY = "1,2";
			};
			name = Debug;
		};
		A4662931241F530D00A4E5CB /* Release */ = {
			isa = XCBuildConfiguration;
			baseConfigurationReference = F0A3B83704AAC359AB7C75DD /* Pods-lxapp.release.xcconfig */;
			buildSettings = {
				ASSETCATALOG_COMPILER_APPICON_NAME = AppIcon;
				CODE_SIGN_STYLE = Automatic;
				INFOPLIST_FILE = lxapp/Info.plist;
				LD_RUNPATH_SEARCH_PATHS = (
					"$(inherited)",
					"@executable_path/Frameworks",
				);
				PRODUCT_BUNDLE_IDENTIFIER = lx.lxapp;
				PRODUCT_NAME = "$(TARGET_NAME)";
				TARGETED_DEVICE_FAMILY = "1,2";
			};
			name = Release;
		};
		A4662933241F530D00A4E5CB /* Debug */ = {
			isa = XCBuildConfiguration;
			buildSettings = {
				BUNDLE_LOADER = "$(TEST_HOST)";
				CODE_SIGN_STYLE = Automatic;
				INFOPLIST_FILE = lxappTests/Info.plist;
				IPHONEOS_DEPLOYMENT_TARGET = 13.2;
				LD_RUNPATH_SEARCH_PATHS = (
					"$(inherited)",
					"@executable_path/Frameworks",
					"@loader_path/Frameworks",
				);
				PRODUCT_BUNDLE_IDENTIFIER = lx.lxappTests;
				PRODUCT_NAME = "$(TARGET_NAME)";
				TARGETED_DEVICE_FAMILY = "1,2";
				TEST_HOST = "$(BUILT_PRODUCTS_DIR)/lxapp.app/lxapp";
			};
			name = Debug;
		};
		A4662934241F530D00A4E5CB /* Release */ = {
			isa = XCBuildConfiguration;
			buildSettings = {
				BUNDLE_LOADER = "$(TEST_HOST)";
				CODE_SIGN_STYLE = Automatic;
				INFOPLIST_FILE = lxappTests/Info.plist;
				IPHONEOS_DEPLOYMENT_TARGET = 13.2;
				LD_RUNPATH_SEARCH_PATHS = (
					"$(inherited)",
					"@executable_path/Frameworks",
					"@loader_path/Frameworks",
				);
				PRODUCT_BUNDLE_IDENTIFIER = lx.lxappTests;
				PRODUCT_NAME = "$(TARGET_NAME)";
				TARGETED_DEVICE_FAMILY = "1,2";
				TEST_HOST = "$(BUILT_PRODUCTS_DIR)/lxapp.app/lxapp";
			};
			name = Release;
		};
		A4662936241F530D00A4E5CB /* Debug */ = {
			isa = XCBuildConfiguration;
			buildSettings = {
				CODE_SIGN_STYLE = Automatic;
				INFOPLIST_FILE = lxappUITests/Info.plist;
				LD_RUNPATH_SEARCH_PATHS = (
					"$(inherited)",
					"@executable_path/Frameworks",
					"@loader_path/Frameworks",
				);
				PRODUCT_BUNDLE_IDENTIFIER = lx.lxappUITests;
				PRODUCT_NAME = "$(TARGET_NAME)";
				TARGETED_DEVICE_FAMILY = "1,2";
				TEST_TARGET_NAME = lxapp;
			};
			name = Debug;
		};
		A4662937241F530D00A4E5CB /* Release */ = {
			isa = XCBuildConfiguration;
			buildSettings = {
				CODE_SIGN_STYLE = Automatic;
				INFOPLIST_FILE = lxappUITests/Info.plist;
				LD_RUNPATH_SEARCH_PATHS = (
					"$(inherited)",
					"@executable_path/Frameworks",
					"@loader_path/Frameworks",
				);
				PRODUCT_BUNDLE_IDENTIFIER = lx.lxappUITests;
				PRODUCT_NAME = "$(TARGET_NAME)";
				TARGETED_DEVICE_FAMILY = "1,2";
				TEST_TARGET_NAME = lxapp;
			};
			name = Release;
		};
/* End XCBuildConfiguration section */

/* Begin XCConfigurationList section */
		A46628FB241F530800A4E5CB /* Build configuration list for PBXProject "lxapp" */ = {
			isa = XCConfigurationList;
			buildConfigurations = (
				A466292D241F530D00A4E5CB /* Debug */,
				A466292E241F530D00A4E5CB /* Release */,
			);
			defaultConfigurationIsVisible = 0;
			defaultConfigurationName = Release;
		};
		A466292F241F530D00A4E5CB /* Build configuration list for PBXNativeTarget "lxapp" */ = {
			isa = XCConfigurationList;
			buildConfigurations = (
				A4662930241F530D00A4E5CB /* Debug */,
				A4662931241F530D00A4E5CB /* Release */,
			);
			defaultConfigurationIsVisible = 0;
			defaultConfigurationName = Release;
		};
		A4662932241F530D00A4E5CB /* Build configuration list for PBXNativeTarget "lxappTests" */ = {
			isa = XCConfigurationList;
			buildConfigurations = (
				A4662933241F530D00A4E5CB /* Debug */,
				A4662934241F530D00A4E5CB /* Release */,
			);
			defaultConfigurationIsVisible = 0;
			defaultConfigurationName = Release;
		};
		A4662935241F530D00A4E5CB /* Build configuration list for PBXNativeTarget "lxappUITests" */ = {
			isa = XCConfigurationList;
			buildConfigurations = (
				A4662936241F530D00A4E5CB /* Debug */,
				A4662937241F530D00A4E5CB /* Release */,
			);
			defaultConfigurationIsVisible = 0;
			defaultConfigurationName = Release;
		};
/* End XCConfigurationList section */
	};
	rootObject = A46628F8241F530800A4E5CB /* Project object */;
}
